
Microsoft Visual Studio Solution File, Format Version 12.00
# Visual Studio Version 16
VisualStudioVersion = 16.0.30523.141
MinimumVisualStudioVersion = 10.0.40219.1
Project("{FAE04EC0-301F-11D3-BF4B-00C04F79EFBC}") = "Teacher Toolkit", "Teacher Toolkit\Teacher Toolkit.csproj", "{F6F0BE89-D6AA-47F7-B729-CD72F128E433}"
EndProject
Global
	GlobalSection(SolutionConfigurationPlatforms) = preSolution
		Debug|Any CPU = Debug|Any CPU
		Release|Any CPU = Release|Any CPU
	EndGlobalSection
	GlobalSection(ProjectConfigurationPlatforms) = postSolution
		{F6F0BE89-D6AA-47F7-B729-CD72F128E433}.Debug|Any CPU.ActiveCfg = Debug|Any CPU
		{F6F0BE89-D6AA-47F7-B729-CD72F128E433}.Debug|Any CPU.Build.0 = Debug|Any CPU
		{F6F0BE89-D6AA-47F7-B729-CD72F128E433}.Release|Any CPU.ActiveCfg = Release|Any CPU
		{F6F0BE89-D6AA-47F7-B729-CD72F128E433}.Release|Any CPU.Build.0 = Release|Any CPU
	EndGlobalSection
	GlobalSection(SolutionProperties) = preSolution
		HideSolutionNode = FALSE
	EndGlobalSection
	GlobalSection(ExtensibilityGlobals) = postSolution
		SolutionGuid = {6957377A-A263-4425-BC3A-6B845A796AB5}
	EndGlobalSection
EndGlobal
